
Microsoft Visual Studio Solution File, Format Version 12.00
# Visual Studio Version 17
VisualStudioVersion = 17.3.32811.315
MinimumVisualStudioVersion = 10.0.40219.1
Project("{9A19103F-16F7-4668-BE54-9A1E7A4F7556}") = "bookstorebackend", "bookstorebackend.csproj", "{1BE0FE87-4ECD-4F88-A588-2AAD81BD256F}"
EndProject
Project("{9A19103F-16F7-4668-BE54-9A1E7A4F7556}") = "RepoLayer", "..\RepoLayer\RepoLayer.csproj", "{81783CF9-F742-43E5-95D4-4EF50833945D}"
EndProject
Project("{9A19103F-16F7-4668-BE54-9A1E7A4F7556}") = "BusinessLayer", "..\BusinessLayer\BusinessLayer.csproj", "{F14941F9-5B77-40C2-B18A-49F4528696B2}"
EndProject
Project("{9A19103F-16F7-4668-BE54-9A1E7A4F7556}") = "CommonLayer", "..\CommonLayer\CommonLayer.csproj", "{31064228-5466-4023-ADEC-CBD4547630C2}"
EndProject
Project("{FAE04EC0-301F-11D3-BF4B-00C04F79EFBC}") = "TicketConsumer", "..\TicketConsumer\TicketConsumer.csproj", "{2EC4E2E8-7D8B-4D2B-A11F-593770924EBA}"
EndProject
Global
	GlobalSection(SolutionConfigurationPlatforms) = preSolution
		Debug|Any CPU = Debug|Any CPU
		Release|Any CPU = Release|Any CPU
	EndGlobalSection
	GlobalSection(ProjectConfigurationPlatforms) = postSolution
		{1BE0FE87-4ECD-4F88-A588-2AAD81BD256F}.Debug|Any CPU.ActiveCfg = Debug|Any CPU
		{1BE0FE87-4ECD-4F88-A588-2AAD81BD256F}.Debug|Any CPU.Build.0 = Debug|Any CPU
		{1BE0FE87-4ECD-4F88-A588-2AAD81BD256F}.Release|Any CPU.ActiveCfg = Release|Any CPU
		{1BE0FE87-4ECD-4F88-A588-2AAD81BD256F}.Release|Any CPU.Build.0 = Release|Any CPU
		{81783CF9-F742-43E5-95D4-4EF50833945D}.Debug|Any CPU.ActiveCfg = Debug|Any CPU
		{81783CF9-F742-43E5-95D4-4EF50833945D}.Debug|Any CPU.Build.0 = Debug|Any CPU
		{81783CF9-F742-43E5-95D4-4EF50833945D}.Release|Any CPU.ActiveCfg = Release|Any CPU
		{81783CF9-F742-43E5-95D4-4EF50833945D}.Release|Any CPU.Build.0 = Release|Any CPU
		{F14941F9-5B77-40C2-B18A-49F4528696B2}.Debug|Any CPU.ActiveCfg = Debug|Any CPU
		{F14941F9-5B77-40C2-B18A-49F4528696B2}.Debug|Any CPU.Build.0 = Debug|Any CPU
		{F14941F9-5B77-40C2-B18A-49F4528696B2}.Release|Any CPU.ActiveCfg = Release|Any CPU
		{F14941F9-5B77-40C2-B18A-49F4528696B2}.Release|Any CPU.Build.0 = Release|Any CPU
		{31064228-5466-4023-ADEC-CBD4547630C2}.Debug|Any CPU.ActiveCfg = Debug|Any CPU
		{31064228-5466-4023-ADEC-CBD4547630C2}.Debug|Any CPU.Build.0 = Debug|Any CPU
		{31064228-5466-4023-ADEC-CBD4547630C2}.Release|Any CPU.ActiveCfg = Release|Any CPU
		{31064228-5466-4023-ADEC-CBD4547630C2}.Release|Any CPU.Build.0 = Release|Any CPU
		{2EC4E2E8-7D8B-4D2B-A11F-593770924EBA}.Debug|Any CPU.ActiveCfg = Debug|Any CPU
		{2EC4E2E8-7D8B-4D2B-A11F-593770924EBA}.Debug|Any CPU.Build.0 = Debug|Any CPU
		{2EC4E2E8-7D8B-4D2B-A11F-593770924EBA}.Release|Any CPU.ActiveCfg = Release|Any CPU
		{2EC4E2E8-7D8B-4D2B-A11F-593770924EBA}.Release|Any CPU.Build.0 = Release|Any CPU
	EndGlobalSection
	GlobalSection(SolutionProperties) = preSolution
		HideSolutionNode = FALSE
	EndGlobalSection
	GlobalSection(ExtensibilityGlobals) = postSolution
		SolutionGuid = {DBC02555-342C-4AE6-8C65-3ED15B53A05D}
	EndGlobalSection
EndGlobal
